// !$*UTF8*$!
{
	archiveVersion = 1;
	classes = {
	};
	objectVersion = 46;
	objects = {

/* Begin PBXBuildFile section */
		FB56D8A41BA2C0C0001FB4B7 /* libOneSkyOTAPlugin.a in Frameworks */ = {isa = PBXBuildFile; fileRef = FB56D8A21BA2C0C0001FB4B7 /* libOneSkyOTAPlugin.a */; };
		FB6757DD19933E1C00E96A12 /* Storyboard.storyboard in Resources */ = {isa = PBXBuildFile; fileRef = FB6757DB19933E1C00E96A12 /* Storyboard.storyboard */; };
		FB6757E019933E3100E96A12 /* Localizable.strings in Resources */ = {isa = PBXBuildFile; fileRef = FB6757DE19933E3100E96A12 /* Localizable.strings */; };
		FB7344F01980C9E40062424F /* Foundation.framework in Frameworks */ = {isa = PBXBuildFile; fileRef = FB7344EF1980C9E40062424F /* Foundation.framework */; };
		FB7344F21980C9E40062424F /* CoreGraphics.framework in Frameworks */ = {isa = PBXBuildFile; fileRef = FB7344F11980C9E40062424F /* CoreGraphics.framework */; };
		FB7344F41980C9E40062424F /* UIKit.framework in Frameworks */ = {isa = PBXBuildFile; fileRef = FB7344F31980C9E40062424F /* UIKit.framework */; };
		FB7344FA1980C9E40062424F /* InfoPlist.strings in Resources */ = {isa = PBXBuildFile; fileRef = FB7344F81980C9E40062424F /* InfoPlist.strings */; };
		FB7344FC1980C9E40062424F /* main.m in Sources */ = {isa = PBXBuildFile; fileRef = FB7344FB1980C9E40062424F /* main.m */; };
		FB7345001980C9E40062424F /* OSAppDelegate.m in Sources */ = {isa = PBXBuildFile; fileRef = FB7344FF1980C9E40062424F /* OSAppDelegate.m */; };
		FB7345021980C9E40062424F /* Images.xcassets in Resources */ = {isa = PBXBuildFile; fileRef = FB7345011980C9E40062424F /* Images.xcassets */; };
/* End PBXBuildFile section */

/* Begin PBXFileReference section */
		FB56D8A01BA2C0C0001FB4B7 /* OneSkyOTAPlugin.h */ = {isa = PBXFileReference; fileEncoding = 4; lastKnownFileType = sourcecode.c.h; path = OneSkyOTAPlugin.h; sourceTree = "<group>"; };
		FB56D8A11BA2C0C0001FB4B7 /* ibsupport */ = {isa = PBXFileReference; lastKnownFileType = "compiled.mach-o.executable"; path = ibsupport; sourceTree = "<group>"; };
		FB56D8A21BA2C0C0001FB4B7 /* libOneSkyOTAPlugin.a */ = {isa = PBXFileReference; lastKnownFileType = archive.ar; path = libOneSkyOTAPlugin.a; sourceTree = "<group>"; };
		FB6757DC19933E1C00E96A12 /* Base */ = {isa = PBXFileReference; lastKnownFileType = file.storyboard; name = Base; path = Base.lproj/Storyboard.storyboard; sourceTree = "<group>"; };
		FB6757DF19933E3100E96A12 /* en */ = {isa = PBXFileReference; lastKnownFileType = text.plist.strings; name = en; path = en.lproj/Localizable.strings; sourceTree = "<group>"; };
		FB6757E419933E4300E96A12 /* en */ = {isa = PBXFileReference; lastKnownFileType = text.plist.strings; name = en; path = en.lproj/Storyboard.strings; sourceTree = "<group>"; };
		FB7344EC1980C9E40062424F /* OneSkyOTADemo.app */ = {isa = PBXFileReference; explicitFileType = wrapper.application; includeInIndex = 0; path = OneSkyOTADemo.app; sourceTree = BUILT_PRODUCTS_DIR; };
		FB7344EF1980C9E40062424F /* Foundation.framework */ = {isa = PBXFileReference; lastKnownFileType = wrapper.framework; name = Foundation.framework; path = System/Library/Frameworks/Foundation.framework; sourceTree = SDKROOT; };
		FB7344F11980C9E40062424F /* CoreGraphics.framework */ = {isa = PBXFileReference; lastKnownFileType = wrapper.framework; name = CoreGraphics.framework; path = System/Library/Frameworks/CoreGraphics.framework; sourceTree = SDKROOT; };
		FB7344F31980C9E40062424F /* UIKit.framework */ = {isa = PBXFileReference; lastKnownFileType = wrapper.framework; name = UIKit.framework; path = System/Library/Frameworks/UIKit.framework; sourceTree = SDKROOT; };
		FB7344F71980C9E40062424F /* OneSkyOTADemo-Info.plist */ = {isa = PBXFileReference; lastKnownFileType = text.plist.xml; path = "OneSkyOTADemo-Info.plist"; sourceTree = "<group>"; };
		FB7344F91980C9E40062424F /* en */ = {isa = PBXFileReference; lastKnownFileType = text.plist.strings; name = en; path = en.lproj/InfoPlist.strings; sourceTree = "<group>"; };
		FB7344FB1980C9E40062424F /* main.m */ = {isa = PBXFileReference; lastKnownFileType = sourcecode.c.objc; path = main.m; sourceTree = "<group>"; };
		FB7344FD1980C9E40062424F /* OneSkyOTADemo-Prefix.pch */ = {isa = PBXFileReference; lastKnownFileType = sourcecode.c.h; path = "OneSkyOTADemo-Prefix.pch"; sourceTree = "<group>"; };
		FB7344FE1980C9E40062424F /* OSAppDelegate.h */ = {isa = PBXFileReference; lastKnownFileType = sourcecode.c.h; path = OSAppDelegate.h; sourceTree = "<group>"; };
		FB7344FF1980C9E40062424F /* OSAppDelegate.m */ = {isa = PBXFileReference; lastKnownFileType = sourcecode.c.objc; path = OSAppDelegate.m; sourceTree = "<group>"; };
		FB7345011980C9E40062424F /* Images.xcassets */ = {isa = PBXFileReference; lastKnownFileType = folder.assetcatalog; path = Images.xcassets; sourceTree = "<group>"; };
		FB7345081980C9E40062424F /* XCTest.framework */ = {isa = PBXFileReference; lastKnownFileType = wrapper.framework; name = XCTest.framework; path = Library/Frameworks/XCTest.framework; sourceTree = DEVELOPER_DIR; };
/* End PBXFileReference section */

/* Begin PBXFrameworksBuildPhase section */
		FB7344E91980C9E40062424F /* Frameworks */ = {
			isa = PBXFrameworksBuildPhase;
			buildActionMask = 2147483647;
			files = (
				FB7344F21980C9E40062424F /* CoreGraphics.framework in Frameworks */,
				FB7344F41980C9E40062424F /* UIKit.framework in Frameworks */,
				FB7344F01980C9E40062424F /* Foundation.framework in Frameworks */,
				FB56D8A41BA2C0C0001FB4B7 /* libOneSkyOTAPlugin.a in Frameworks */,
			);
			runOnlyForDeploymentPostprocessing = 0;
		};
/* End PBXFrameworksBuildPhase section */

/* Begin PBXGroup section */
		FB56D89E1BA2C0C0001FB4B7 /* OneSkyOTAPlugin */ = {
			isa = PBXGroup;
			children = (
				FB56D89F1BA2C0C0001FB4B7 /* Headers */,
				FB56D8A11BA2C0C0001FB4B7 /* ibsupport */,
				FB56D8A21BA2C0C0001FB4B7 /* libOneSkyOTAPlugin.a */,
			);
			path = OneSkyOTAPlugin;
			sourceTree = "<group>";
		};
		FB56D89F1BA2C0C0001FB4B7 /* Headers */ = {
			isa = PBXGroup;
			children = (
				FB56D8A01BA2C0C0001FB4B7 /* OneSkyOTAPlugin.h */,
			);
			path = Headers;
			sourceTree = "<group>";
		};
		FB7344E31980C9E40062424F = {
			isa = PBXGroup;
			children = (
				FB7344F51980C9E40062424F /* OneSkyOTADemo */,
				FB56D89E1BA2C0C0001FB4B7 /* OneSkyOTAPlugin */,
				FB7344EE1980C9E40062424F /* Frameworks */,
				FB7344ED1980C9E40062424F /* Products */,
			);
			sourceTree = "<group>";
		};
		FB7344ED1980C9E40062424F /* Products */ = {
			isa = PBXGroup;
			children = (
				FB7344EC1980C9E40062424F /* OneSkyOTADemo.app */,
			);
			name = Products;
			sourceTree = "<group>";
		};
		FB7344EE1980C9E40062424F /* Frameworks */ = {
			isa = PBXGroup;
			children = (
				FB7344EF1980C9E40062424F /* Foundation.framework */,
				FB7344F11980C9E40062424F /* CoreGraphics.framework */,
				FB7344F31980C9E40062424F /* UIKit.framework */,
				FB7345081980C9E40062424F /* XCTest.framework */,
			);
			name = Frameworks;
			sourceTree = "<group>";
		};
		FB7344F51980C9E40062424F /* OneSkyOTADemo */ = {
			isa = PBXGroup;
			children = (
				FB7344FE1980C9E40062424F /* OSAppDelegate.h */,
				FB7344FF1980C9E40062424F /* OSAppDelegate.m */,
				FB6757DB19933E1C00E96A12 /* Storyboard.storyboard */,
				FB7345011980C9E40062424F /* Images.xcassets */,
				FB7344F61980C9E40062424F /* Supporting Files */,
			);
			path = OneSkyOTADemo;
			sourceTree = "<group>";
		};
		FB7344F61980C9E40062424F /* Supporting Files */ = {
			isa = PBXGroup;
			children = (
				FB6757DE19933E3100E96A12 /* Localizable.strings */,
				FB7344F71980C9E40062424F /* OneSkyOTADemo-Info.plist */,
				FB7344F81980C9E40062424F /* InfoPlist.strings */,
				FB7344FB1980C9E40062424F /* main.m */,
				FB7344FD1980C9E40062424F /* OneSkyOTADemo-Prefix.pch */,
			);
			name = "Supporting Files";
			sourceTree = "<group>";
		};
/* End PBXGroup section */

/* Begin PBXNativeTarget section */
		FB7344EB1980C9E40062424F /* OneSkyOTADemo */ = {
			isa = PBXNativeTarget;
			buildConfigurationList = FB7345181980C9E40062424F /* Build configuration list for PBXNativeTarget "OneSkyOTADemo" */;
			buildPhases = (
				FB7344E81980C9E40062424F /* Sources */,
				FB7344E91980C9E40062424F /* Frameworks */,
				FB7344EA1980C9E40062424F /* Resources */,
				FB6757E519933E5C00E96A12 /* OTA IB Support */,
			);
			buildRules = (
			);
			dependencies = (
			);
			name = OneSkyOTADemo;
			productName = OneSkyOTADemo;
			productReference = FB7344EC1980C9E40062424F /* OneSkyOTADemo.app */;
			productType = "com.apple.product-type.application";
		};
/* End PBXNativeTarget section */

/* Begin PBXProject section */
		FB7344E41980C9E40062424F /* Project object */ = {
			isa = PBXProject;
			attributes = {
				CLASSPREFIX = OS;
				LastUpgradeCheck = 0710;
				ORGANIZATIONNAME = "OneSky Inc.";
			};
			buildConfigurationList = FB7344E71980C9E40062424F /* Build configuration list for PBXProject "OneSkyOTADemo" */;
			compatibilityVersion = "Xcode 3.2";
			developmentRegion = English;
			hasScannedForEncodings = 0;
			knownRegions = (
				en,
				Base,
			);
			mainGroup = FB7344E31980C9E40062424F;
			productRefGroup = FB7344ED1980C9E40062424F /* Products */;
			projectDirPath = "";
			projectRoot = "";
			targets = (
				FB7344EB1980C9E40062424F /* OneSkyOTADemo */,
			);
		};
/* End PBXProject section */

/* Begin PBXResourcesBuildPhase section */
		FB7344EA1980C9E40062424F /* Resources */ = {
			isa = PBXResourcesBuildPhase;
			buildActionMask = 2147483647;
			files = (
				FB7344FA1980C9E40062424F /* InfoPlist.strings in Resources */,
				FB6757E019933E3100E96A12 /* Localizable.strings in Resources */,
				FB7345021980C9E40062424F /* Images.xcassets in Resources */,
				FB6757DD19933E1C00E96A12 /* Storyboard.storyboard in Resources */,
			);
			runOnlyForDeploymentPostprocessing = 0;
		};
/* End PBXResourcesBuildPhase section */

/* Begin PBXShellScriptBuildPhase section */
		FB6757E519933E5C00E96A12 /* OTA IB Support */ = {
			isa = PBXShellScriptBuildPhase;
			buildActionMask = 2147483647;
			files = (
			);
			inputPaths = (
			);
			name = "OTA IB Support";
			outputPaths = (
			);
			runOnlyForDeploymentPostprocessing = 0;
			shellPath = /bin/sh;
			shellScript = "\"$SRCROOT\"/OneSkyOTAPlugin/ibsupport";
		};
/* End PBXShellScriptBuildPhase section */

/* Begin PBXSourcesBuildPhase section */
		FB7344E81980C9E40062424F /* Sources */ = {
			isa = PBXSourcesBuildPhase;
			buildActionMask = 2147483647;
			files = (
				FB7345001980C9E40062424F /* OSAppDelegate.m in Sources */,
				FB7344FC1980C9E40062424F /* main.m in Sources */,
			);
			runOnlyForDeploymentPostprocessing = 0;
		};
/* End PBXSourcesBuildPhase section */

/* Begin PBXVariantGroup section */
		FB6757DB19933E1C00E96A12 /* Storyboard.storyboard */ = {
			isa = PBXVariantGroup;
			children = (
				FB6757DC19933E1C00E96A12 /* Base */,
				FB6757E419933E4300E96A12 /* en */,
			);
			name = Storyboard.storyboard;
			sourceTree = "<group>";
		};
		FB6757DE19933E3100E96A12 /* Localizable.strings */ = {
			isa = PBXVariantGroup;
			children = (
				FB6757DF19933E3100E96A12 /* en */,
			);
			name = Localizable.strings;
			sourceTree = "<group>";
		};
		FB7344F81980C9E40062424F /* InfoPlist.strings */ = {
			isa = PBXVariantGroup;
			children = (
				FB7344F91980C9E40062424F /* en */,
			);
			name = InfoPlist.strings;
			sourceTree = "<group>";
		};
/* End PBXVariantGroup section */

/* Begin XCBuildConfiguration section */
		FB7345161980C9E40062424F /* Debug */ = {
			isa = XCBuildConfiguration;
			buildSettings = {
				ALWAYS_SEARCH_USER_PATHS = NO;
				CLANG_CXX_LANGUAGE_STANDARD = "gnu++0x";
				CLANG_CXX_LIBRARY = "libc++";
				CLANG_ENABLE_MODULES = YES;
				CLANG_ENABLE_OBJC_ARC = YES;
				CLANG_WARN_BOOL_CONVERSION = YES;
				CLANG_WARN_CONSTANT_CONVERSION = YES;
				CLANG_WARN_DIRECT_OBJC_ISA_USAGE = YES_ERROR;
				CLANG_WARN_EMPTY_BODY = YES;
				CLANG_WARN_ENUM_CONVERSION = YES;
				CLANG_WARN_INT_CONVERSION = YES;
				CLANG_WARN_OBJC_ROOT_CLASS = YES_ERROR;
				CLANG_WARN__DUPLICATE_METHOD_MATCH = YES;
				"CODE_SIGN_IDENTITY[sdk=iphoneos*]" = "iPhone Developer";
				COPY_PHASE_STRIP = NO;
				ENABLE_TESTABILITY = YES;
				GCC_C_LANGUAGE_STANDARD = gnu99;
				GCC_DYNAMIC_NO_PIC = NO;
				GCC_OPTIMIZATION_LEVEL = 0;
				GCC_PREPROCESSOR_DEFINITIONS = (
					"DEBUG=1",
					"$(inherited)",
				);
				GCC_SYMBOLS_PRIVATE_EXTERN = NO;
				GCC_WARN_64_TO_32_BIT_CONVERSION = YES;
				GCC_WARN_ABOUT_RETURN_TYPE = YES_ERROR;
				GCC_WARN_UNDECLARED_SELECTOR = YES;
				GCC_WARN_UNINITIALIZED_AUTOS = YES_AGGRESSIVE;
				GCC_WARN_UNUSED_FUNCTION = YES;
				GCC_WARN_UNUSED_VARIABLE = YES;
				IPHONEOS_DEPLOYMENT_TARGET = 7.1;
				ONLY_ACTIVE_ARCH = YES;
				SDKROOT = iphoneos;
			};
			name = Debug;
		};
		FB7345171980C9E40062424F /* Release */ = {
			isa = XCBuildConfiguration;
			buildSettings = {
				ALWAYS_SEARCH_USER_PATHS = NO;
				CLANG_CXX_LANGUAGE_STANDARD = "gnu++0x";
				CLANG_CXX_LIBRARY = "libc++";
				CLANG_ENABLE_MODULES = YES;
				CLANG_ENABLE_OBJC_ARC = YES;
				CLANG_WARN_BOOL_CONVERSION = YES;
				CLANG_WARN_CONSTANT_CONVERSION = YES;
				CLANG_WARN_DIRECT_OBJC_ISA_USAGE = YES_ERROR;
				CLANG_WARN_EMPTY_BODY = YES;
				CLANG_WARN_ENUM_CONVERSION = YES;
				CLANG_WARN_INT_CONVERSION = YES;
				CLANG_WARN_OBJC_ROOT_CLASS = YES_ERROR;
				CLANG_WARN__DUPLICATE_METHOD_MATCH = YES;
				"CODE_SIGN_IDENTITY[sdk=iphoneos*]" = "iPhone Developer";
				COPY_PHASE_STRIP = YES;
				ENABLE_NS_ASSERTIONS = NO;
				GCC_C_LANGUAGE_STANDARD = gnu99;
				GCC_WARN_64_TO_32_BIT_CONVERSION = YES;
				GCC_WARN_ABOUT_RETURN_TYPE = YES_ERROR;
				GCC_WARN_UNDECLARED_SELECTOR = YES;
				GCC_WARN_UNINITIALIZED_AUTOS = YES_AGGRESSIVE;
				GCC_WARN_UNUSED_FUNCTION = YES;
				GCC_WARN_UNUSED_VARIABLE = YES;
				IPHONEOS_DEPLOYMENT_TARGET = 7.1;
				SDKROOT = iphoneos;
				VALIDATE_PRODUCT = YES;
			};
			name = Release;
		};
		FB7345191980C9E40062424F /* Debug */ = {
			isa = XCBuildConfiguration;
			buildSettings = {
				ASSETCATALOG_COMPILER_APPICON_NAME = AppIcon;
				ASSETCATALOG_COMPILER_LAUNCHIMAGE_NAME = LaunchImage;
				FRAMEWORK_SEARCH_PATHS = (
					"$(inherited)",
					"$(PROJECT_DIR)",
				);
				GCC_PRECOMPILE_PREFIX_HEADER = YES;
				GCC_PREFIX_HEADER = "OneSkyOTADemo/OneSkyOTADemo-Prefix.pch";
				INFOPLIST_FILE = "OneSkyOTADemo/OneSkyOTADemo-Info.plist";
				LIBRARY_SEARCH_PATHS = (
					"$(inherited)",
					"$(PROJECT_DIR)/OneSkyOTAPlugin",
				);
				OTHER_LDFLAGS = "-ObjC";
				PRODUCT_BUNDLE_IDENTIFIER = "com.oneskyapp.${PRODUCT_NAME:rfc1034identifier}";
				PRODUCT_NAME = "$(TARGET_NAME)";
				WRAPPER_EXTENSION = app;
			};
			name = Debug;
		};
		FB73451A1980C9E40062424F /* Release */ = {
			isa = XCBuildConfiguration;
			buildSettings = {
				ASSETCATALOG_COMPILER_APPICON_NAME = AppIcon;
				ASSETCATALOG_COMPILER_LAUNCHIMAGE_NAME = LaunchImage;
				FRAMEWORK_SEARCH_PATHS = (
					"$(inherited)",
					"$(PROJECT_DIR)",
				);
				GCC_PRECOMPILE_PREFIX_HEADER = YES;
				GCC_PREFIX_HEADER = "OneSkyOTADemo/OneSkyOTADemo-Prefix.pch";
				INFOPLIST_FILE = "OneSkyOTADemo/OneSkyOTADemo-Info.plist";
				LIBRARY_SEARCH_PATHS = (
					"$(inherited)",
					"$(PROJECT_DIR)/OneSkyOTAPlugin",
				);
				OTHER_LDFLAGS = "-ObjC";
				PRODUCT_BUNDLE_IDENTIFIER = "com.oneskyapp.${PRODUCT_NAME:rfc1034identifier}";
				PRODUCT_NAME = "$(TARGET_NAME)";
				WRAPPER_EXTENSION = app;
			};
			name = Release;
		};
/* End XCBuildConfiguration section */

/* Begin XCConfigurationList section */
		FB7344E71980C9E40062424F /* Build configuration list for PBXProject "OneSkyOTADemo" */ = {
			isa = XCConfigurationList;
			buildConfigurations = (
				FB7345161980C9E40062424F /* Debug */,
				FB7345171980C9E40062424F /* Release */,
			);
			defaultConfigurationIsVisible = 0;
			defaultConfigurationName = Release;
		};
		FB7345181980C9E40062424F /* Build configuration list for PBXNativeTarget "OneSkyOTADemo" */ = {
			isa = XCConfigurationList;
			buildConfigurations = (
				FB7345191980C9E40062424F /* Debug */,
				FB73451A1980C9E40062424F /* Release */,
			);
			defaultConfigurationIsVisible = 0;
			defaultConfigurationName = Release;
		};
/* End XCConfigurationList section */
	};
	rootObject = FB7344E41980C9E40062424F /* Project object */;
}
